
Microsoft Visual Studio Solution File, Format Version 12.00
# Visual Studio Version 17
VisualStudioVersion = 17.5.33627.172
MinimumVisualStudioVersion = 10.0.40219.1
Project("{FAE04EC0-301F-11D3-BF4B-00C04F79EFBC}") = "PictureBox", "PictureBox.csproj", "{4CD65939-C157-48F9-82FF-4227BB48AAD9}"
EndProject
Global
	GlobalSection(SolutionConfigurationPlatforms) = preSolution
		Debug|Any CPU = Debug|Any CPU
		Release|Any CPU = Release|Any CPU
	EndGlobalSection
	GlobalSection(ProjectConfigurationPlatforms) = postSolution
		{4CD65939-C157-48F9-82FF-4227BB48AAD9}.Debug|Any CPU.ActiveCfg = Debug|Any CPU
		{4CD65939-C157-48F9-82FF-4227BB48AAD9}.Debug|Any CPU.Build.0 = Debug|Any CPU
		{4CD65939-C157-48F9-82FF-4227BB48AAD9}.Release|Any CPU.ActiveCfg = Release|Any CPU
		{4CD65939-C157-48F9-82FF-4227BB48AAD9}.Release|Any CPU.Build.0 = Release|Any CPU
	EndGlobalSection
	GlobalSection(SolutionProperties) = preSolution
		HideSolutionNode = FALSE
	EndGlobalSection
	GlobalSection(ExtensibilityGlobals) = postSolution
		SolutionGuid = {B4CF7617-4264-4691-B82E-A26DC9CDEFC1}
	EndGlobalSection
EndGlobal
